
Microsoft Visual Studio Solution File, Format Version 12.00
# Visual Studio Version 16
VisualStudioVersion = 16.0.30717.126
MinimumVisualStudioVersion = 10.0.40219.1
Project("{8BC9CEB8-8B4A-11D0-8D11-00A0C91BC942}") = "hello world", "hello world.vcxproj", "{CE602E0B-7278-438F-B70C-569CBD07AB35}"
EndProject
Global
	GlobalSection(SolutionConfigurationPlatforms) = preSolution
		Debug|x64 = Debug|x64
		Debug|x86 = Debug|x86
		Release|x64 = Release|x64
		Release|x86 = Release|x86
	EndGlobalSection
	GlobalSection(ProjectConfigurationPlatforms) = postSolution
		{CE602E0B-7278-438F-B70C-569CBD07AB35}.Debug|x64.ActiveCfg = Debug|x64
		{CE602E0B-7278-438F-B70C-569CBD07AB35}.Debug|x64.Build.0 = Debug|x64
		{CE602E0B-7278-438F-B70C-569CBD07AB35}.Debug|x86.ActiveCfg = Debug|Win32
		{CE602E0B-7278-438F-B70C-569CBD07AB35}.Debug|x86.Build.0 = Debug|Win32
		{CE602E0B-7278-438F-B70C-569CBD07AB35}.Release|x64.ActiveCfg = Release|x64
		{CE602E0B-7278-438F-B70C-569CBD07AB35}.Release|x64.Build.0 = Release|x64
		{CE602E0B-7278-438F-B70C-569CBD07AB35}.Release|x86.ActiveCfg = Release|Win32
		{CE602E0B-7278-438F-B70C-569CBD07AB35}.Release|x86.Build.0 = Release|Win32
	EndGlobalSection
	GlobalSection(SolutionProperties) = preSolution
		HideSolutionNode = FALSE
	EndGlobalSection
	GlobalSection(ExtensibilityGlobals) = postSolution
		SolutionGuid = {775B875F-EC3D-4740-991C-679C8897ED30}
	EndGlobalSection
EndGlobal
